
Microsoft Visual Studio Solution File, Format Version 12.00
# Visual Studio 15
VisualStudioVersion = 15.0.26430.14
MinimumVisualStudioVersion = 10.0.40219.1
Project("{FAE04EC0-301F-11D3-BF4B-00C04F79EFBC}") = "KD.DependencyFactory", "KD.DependencyFactory\KD.DependencyFactory.csproj", "{9054090C-01FA-4684-BE16-FD9AEFF0D22E}"
EndProject
Project("{FAE04EC0-301F-11D3-BF4B-00C04F79EFBC}") = "KD.DependencyFactory.Test", "KD.DependencyFactory.Test\KD.DependencyFactory.Test.csproj", "{C07E0A52-C54B-4A49-A063-0476165C3254}"
EndProject
Global
	GlobalSection(SolutionConfigurationPlatforms) = preSolution
		Debug|Any CPU = Debug|Any CPU
		Release|Any CPU = Release|Any CPU
	EndGlobalSection
	GlobalSection(ProjectConfigurationPlatforms) = postSolution
		{9054090C-01FA-4684-BE16-FD9AEFF0D22E}.Debug|Any CPU.ActiveCfg = Debug|Any CPU
		{9054090C-01FA-4684-BE16-FD9AEFF0D22E}.Debug|Any CPU.Build.0 = Debug|Any CPU
		{9054090C-01FA-4684-BE16-FD9AEFF0D22E}.Release|Any CPU.ActiveCfg = Release|Any CPU
		{9054090C-01FA-4684-BE16-FD9AEFF0D22E}.Release|Any CPU.Build.0 = Release|Any CPU
		{C07E0A52-C54B-4A49-A063-0476165C3254}.Debug|Any CPU.ActiveCfg = Debug|Any CPU
		{C07E0A52-C54B-4A49-A063-0476165C3254}.Debug|Any CPU.Build.0 = Debug|Any CPU
		{C07E0A52-C54B-4A49-A063-0476165C3254}.Release|Any CPU.ActiveCfg = Release|Any CPU
		{C07E0A52-C54B-4A49-A063-0476165C3254}.Release|Any CPU.Build.0 = Release|Any CPU
	EndGlobalSection
	GlobalSection(SolutionProperties) = preSolution
		HideSolutionNode = FALSE
	EndGlobalSection
EndGlobal
